
Microsoft Visual Studio Solution File, Format Version 12.00
# Visual Studio Version 16
VisualStudioVersion = 16.0.31205.134
MinimumVisualStudioVersion = 10.0.40219.1
Project("{FAE04EC0-301F-11D3-BF4B-00C04F79EFBC}") = "Substituting Variables Into Strings", "Substituting Variables Into Strings.csproj", "{F42FDDC5-2FB5-4BED-B116-DD3B7FC2B7CB}"
EndProject
Global
	GlobalSection(SolutionConfigurationPlatforms) = preSolution
		Debug|Any CPU = Debug|Any CPU
		Release|Any CPU = Release|Any CPU
	EndGlobalSection
	GlobalSection(ProjectConfigurationPlatforms) = postSolution
		{F42FDDC5-2FB5-4BED-B116-DD3B7FC2B7CB}.Debug|Any CPU.ActiveCfg = Debug|Any CPU
		{F42FDDC5-2FB5-4BED-B116-DD3B7FC2B7CB}.Debug|Any CPU.Build.0 = Debug|Any CPU
		{F42FDDC5-2FB5-4BED-B116-DD3B7FC2B7CB}.Release|Any CPU.ActiveCfg = Release|Any CPU
		{F42FDDC5-2FB5-4BED-B116-DD3B7FC2B7CB}.Release|Any CPU.Build.0 = Release|Any CPU
	EndGlobalSection
	GlobalSection(SolutionProperties) = preSolution
		HideSolutionNode = FALSE
	EndGlobalSection
	GlobalSection(ExtensibilityGlobals) = postSolution
		SolutionGuid = {0CCD4E75-44EE-45D3-824C-6F3791E6796E}
	EndGlobalSection
EndGlobal
